
Microsoft Visual Studio Solution File, Format Version 12.00
Project("{FAE04EC0-301F-11D3-BF4B-00C04F79EFBC}") = "TestProject1", "TestProject1\TestProject1.csproj", "{70640E51-AE1F-4972-8FD3-6AB0BC3C634F}"
EndProject
Global
	GlobalSection(SolutionConfigurationPlatforms) = preSolution
		Debug|Any CPU = Debug|Any CPU
		Release|Any CPU = Release|Any CPU
	EndGlobalSection
	GlobalSection(ProjectConfigurationPlatforms) = postSolution
		{70640E51-AE1F-4972-8FD3-6AB0BC3C634F}.Debug|Any CPU.ActiveCfg = Debug|Any CPU
		{70640E51-AE1F-4972-8FD3-6AB0BC3C634F}.Debug|Any CPU.Build.0 = Debug|Any CPU
		{70640E51-AE1F-4972-8FD3-6AB0BC3C634F}.Release|Any CPU.ActiveCfg = Release|Any CPU
		{70640E51-AE1F-4972-8FD3-6AB0BC3C634F}.Release|Any CPU.Build.0 = Release|Any CPU
	EndGlobalSection
EndGlobal
